// !$*UTF8*$!
{
	archiveVersion = 1;
	classes = {
	};
	objectVersion = 46;
	objects = {

/* Begin PBXBuildFile section */
		2D194D721F6C940500D57518 /* FilterViewController.m in Sources */ = {isa = PBXBuildFile; fileRef = 2D194D711F6C940500D57518 /* FilterViewController.m */; };
		2D194D791F6C94E800D57518 /* FilterTableViewCell.m in Sources */ = {isa = PBXBuildFile; fileRef = 2D194D771F6C94E800D57518 /* FilterTableViewCell.m */; };
		2D194D7A1F6C94E800D57518 /* FilterTableViewCell.xib in Resources */ = {isa = PBXBuildFile; fileRef = 2D194D781F6C94E800D57518 /* FilterTableViewCell.xib */; };
		2D194D7E1F6C957600D57518 /* PriceTableViewCell.m in Sources */ = {isa = PBXBuildFile; fileRef = 2D194D7C1F6C957600D57518 /* PriceTableViewCell.m */; };
		2D194D7F1F6C957600D57518 /* PriceTableViewCell.xib in Resources */ = {isa = PBXBuildFile; fileRef = 2D194D7D1F6C957600D57518 /* PriceTableViewCell.xib */; };
		2D194D821F6C969400D57518 /* YelpFilterDataModel.m in Sources */ = {isa = PBXBuildFile; fileRef = 2D194D811F6C969400D57518 /* YelpFilterDataModel.m */; };
		2D28E4F31F5F8FC50053C22D /* DetailYelpViewController.m in Sources */ = {isa = PBXBuildFile; fileRef = 2D28E4F21F5F8FC50053C22D /* DetailYelpViewController.m */; };
		2D28E4F71F5F900A0053C22D /* DetailViewHeaderTableViewCell.m in Sources */ = {isa = PBXBuildFile; fileRef = 2D28E4F51F5F900A0053C22D /* DetailViewHeaderTableViewCell.m */; };
		2D28E4F81F5F900A0053C22D /* DetailViewHeaderTableViewCell.xib in Resources */ = {isa = PBXBuildFile; fileRef = 2D28E4F61F5F900A0053C22D /* DetailViewHeaderTableViewCell.xib */; };
		2D28E4FC1F5FA1130053C22D /* MapTableViewCell.m in Sources */ = {isa = PBXBuildFile; fileRef = 2D28E4FA1F5FA1130053C22D /* MapTableViewCell.m */; };
		2D28E4FD1F5FA1130053C22D /* MapTableViewCell.xib in Resources */ = {isa = PBXBuildFile; fileRef = 2D28E4FB1F5FA1130053C22D /* MapTableViewCell.xib */; };
		2D82FC701F5B2F4000274114 /* YelpTableViewCell.m in Sources */ = {isa = PBXBuildFile; fileRef = 2D82FC6E1F5B2F4000274114 /* YelpTableViewCell.m */; };
		2D82FC711F5B2F4000274114 /* YelpTableViewCell.xib in Resources */ = {isa = PBXBuildFile; fileRef = 2D82FC6F1F5B2F4000274114 /* YelpTableViewCell.xib */; };
		2D82FC751F5B57D200274114 /* YelpDataStore.m in Sources */ = {isa = PBXBuildFile; fileRef = 2D82FC741F5B57D200274114 /* YelpDataStore.m */; };
		2D82FC791F5B5A5800274114 /* MapViewController.m in Sources */ = {isa = PBXBuildFile; fileRef = 2D82FC781F5B5A5800274114 /* MapViewController.m */; };
		2D82FC7C1F5B5F9200274114 /* YelpAnnotation.m in Sources */ = {isa = PBXBuildFile; fileRef = 2D82FC7B1F5B5F9200274114 /* YelpAnnotation.m */; };
		2DDDFFAD1F521B8D00C98B52 /* main.m in Sources */ = {isa = PBXBuildFile; fileRef = 2DDDFFAC1F521B8D00C98B52 /* main.m */; };
		2DDDFFB01F521B8D00C98B52 /* AppDelegate.m in Sources */ = {isa = PBXBuildFile; fileRef = 2DDDFFAF1F521B8D00C98B52 /* AppDelegate.m */; };
		2DDDFFB31F521B8D00C98B52 /* YelpViewController.m in Sources */ = {isa = PBXBuildFile; fileRef = 2DDDFFB21F521B8D00C98B52 /* YelpViewController.m */; };
		2DDDFFB81F521B8D00C98B52 /* Assets.xcassets in Resources */ = {isa = PBXBuildFile; fileRef = 2DDDFFB71F521B8D00C98B52 /* Assets.xcassets */; };
		2DDDFFBB1F521B8D00C98B52 /* LaunchScreen.storyboard in Resources */ = {isa = PBXBuildFile; fileRef = 2DDDFFB91F521B8D00C98B52 /* LaunchScreen.storyboard */; };
		2DDDFFC61F521B8E00C98B52 /* SummerYelpMockTests.m in Sources */ = {isa = PBXBuildFile; fileRef = 2DDDFFC51F521B8E00C98B52 /* SummerYelpMockTests.m */; };
		2DDDFFD11F521B8E00C98B52 /* SummerYelpMockUITests.m in Sources */ = {isa = PBXBuildFile; fileRef = 2DDDFFD01F521B8E00C98B52 /* SummerYelpMockUITests.m */; };
		2DDDFFE11F521BD600C98B52 /* YelpNetworking.m in Sources */ = {isa = PBXBuildFile; fileRef = 2DDDFFE01F521BD600C98B52 /* YelpNetworking.m */; };
		2DDDFFE51F52304100C98B52 /* YelpDataModel.m in Sources */ = {isa = PBXBuildFile; fileRef = 2DDDFFE41F52304100C98B52 /* YelpDataModel.m */; };
		A6CF11040CEF8FC0900A83C2 /* libPods-SummerYelpMock.a in Frameworks */ = {isa = PBXBuildFile; fileRef = ABDD8B41EFBA24F0CF41B177 /* libPods-SummerYelpMock.a */; };
/* End PBXBuildFile section */

/* Begin PBXContainerItemProxy section */
		2DDDFFC21F521B8E00C98B52 /* PBXContainerItemProxy */ = {
			isa = PBXContainerItemProxy;
			containerPortal = 2DDDFFA01F521B8D00C98B52 /* Project object */;
			proxyType = 1;
			remoteGlobalIDString = 2DDDFFA71F521B8D00C98B52;
			remoteInfo = SummerYelpMock;
		};
		2DDDFFCD1F521B8E00C98B52 /* PBXContainerItemProxy */ = {
			isa = PBXContainerItemProxy;
			containerPortal = 2DDDFFA01F521B8D00C98B52 /* Project object */;
			proxyType = 1;
			remoteGlobalIDString = 2DDDFFA71F521B8D00C98B52;
			remoteInfo = SummerYelpMock;
		};
/* End PBXContainerItemProxy section */

/* Begin PBXFileReference section */
		2D194D701F6C940500D57518 /* FilterViewController.h */ = {isa = PBXFileReference; fileEncoding = 4; lastKnownFileType = sourcecode.c.h; path = FilterViewController.h; sourceTree = "<group>"; };
		2D194D711F6C940500D57518 /* FilterViewController.m */ = {isa = PBXFileReference; fileEncoding = 4; lastKnownFileType = sourcecode.c.objc; path = FilterViewController.m; sourceTree = "<group>"; };
		2D194D761F6C94E800D57518 /* FilterTableViewCell.h */ = {isa = PBXFileReference; fileEncoding = 4; lastKnownFileType = sourcecode.c.h; path = FilterTableViewCell.h; sourceTree = "<group>"; };
		2D194D771F6C94E800D57518 /* FilterTableViewCell.m */ = {isa = PBXFileReference; fileEncoding = 4; lastKnownFileType = sourcecode.c.objc; path = FilterTableViewCell.m; sourceTree = "<group>"; };
		2D194D781F6C94E800D57518 /* FilterTableViewCell.xib */ = {isa = PBXFileReference; fileEncoding = 4; lastKnownFileType = file.xib; path = FilterTableViewCell.xib; sourceTree = "<group>"; };
		2D194D7B1F6C957600D57518 /* PriceTableViewCell.h */ = {isa = PBXFileReference; fileEncoding = 4; lastKnownFileType = sourcecode.c.h; path = PriceTableViewCell.h; sourceTree = "<group>"; };
		2D194D7C1F6C957600D57518 /* PriceTableViewCell.m */ = {isa = PBXFileReference; fileEncoding = 4; lastKnownFileType = sourcecode.c.objc; path = PriceTableViewCell.m; sourceTree = "<group>"; };
		2D194D7D1F6C957600D57518 /* PriceTableViewCell.xib */ = {isa = PBXFileReference; fileEncoding = 4; lastKnownFileType = file.xib; path = PriceTableViewCell.xib; sourceTree = "<group>"; };
		2D194D801F6C969400D57518 /* YelpFilterDataModel.h */ = {isa = PBXFileReference; fileEncoding = 4; lastKnownFileType = sourcecode.c.h; path = YelpFilterDataModel.h; sourceTree = "<group>"; };
		2D194D811F6C969400D57518 /* YelpFilterDataModel.m */ = {isa = PBXFileReference; fileEncoding = 4; lastKnownFileType = sourcecode.c.objc; path = YelpFilterDataModel.m; sourceTree = "<group>"; };
		2D28E4F11F5F8FC40053C22D /* DetailYelpViewController.h */ = {isa = PBXFileReference; fileEncoding = 4; lastKnownFileType = sourcecode.c.h; path = DetailYelpViewController.h; sourceTree = "<group>"; };
		2D28E4F21F5F8FC50053C22D /* DetailYelpViewController.m */ = {isa = PBXFileReference; fileEncoding = 4; lastKnownFileType = sourcecode.c.objc; path = DetailYelpViewController.m; sourceTree = "<group>"; };
		2D28E4F41F5F900A0053C22D /* DetailViewHeaderTableViewCell.h */ = {isa = PBXFileReference; fileEncoding = 4; lastKnownFileType = sourcecode.c.h; path = DetailViewHeaderTableViewCell.h; sourceTree = "<group>"; };
		2D28E4F51F5F900A0053C22D /* DetailViewHeaderTableViewCell.m */ = {isa = PBXFileReference; fileEncoding = 4; lastKnownFileType = sourcecode.c.objc; path = DetailViewHeaderTableViewCell.m; sourceTree = "<group>"; };
		2D28E4F61F5F900A0053C22D /* DetailViewHeaderTableViewCell.xib */ = {isa = PBXFileReference; fileEncoding = 4; lastKnownFileType = file.xib; path = DetailViewHeaderTableViewCell.xib; sourceTree = "<group>"; };
		2D28E4F91F5FA1130053C22D /* MapTableViewCell.h */ = {isa = PBXFileReference; fileEncoding = 4; lastKnownFileType = sourcecode.c.h; path = MapTableViewCell.h; sourceTree = "<group>"; };
		2D28E4FA1F5FA1130053C22D /* MapTableViewCell.m */ = {isa = PBXFileReference; fileEncoding = 4; lastKnownFileType = sourcecode.c.objc; path = MapTableViewCell.m; sourceTree = "<group>"; };
		2D28E4FB1F5FA1130053C22D /* MapTableViewCell.xib */ = {isa = PBXFileReference; fileEncoding = 4; lastKnownFileType = file.xib; path = MapTableViewCell.xib; sourceTree = "<group>"; };
		2D82FC6D1F5B2F4000274114 /* YelpTableViewCell.h */ = {isa = PBXFileReference; fileEncoding = 4; lastKnownFileType = sourcecode.c.h; path = YelpTableViewCell.h; sourceTree = "<group>"; };
		2D82FC6E1F5B2F4000274114 /* YelpTableViewCell.m */ = {isa = PBXFileReference; fileEncoding = 4; lastKnownFileType = sourcecode.c.objc; path = YelpTableViewCell.m; sourceTree = "<group>"; };
		2D82FC6F1F5B2F4000274114 /* YelpTableViewCell.xib */ = {isa = PBXFileReference; fileEncoding = 4; lastKnownFileType = file.xib; path = YelpTableViewCell.xib; sourceTree = "<group>"; };
		2D82FC731F5B57D200274114 /* YelpDataStore.h */ = {isa = PBXFileReference; fileEncoding = 4; lastKnownFileType = sourcecode.c.h; path = YelpDataStore.h; sourceTree = "<group>"; };
		2D82FC741F5B57D200274114 /* YelpDataStore.m */ = {isa = PBXFileReference; fileEncoding = 4; lastKnownFileType = sourcecode.c.objc; path = YelpDataStore.m; sourceTree = "<group>"; };
		2D82FC771F5B5A5800274114 /* MapViewController.h */ = {isa = PBXFileReference; fileEncoding = 4; lastKnownFileType = sourcecode.c.h; path = MapViewController.h; sourceTree = "<group>"; };
		2D82FC781F5B5A5800274114 /* MapViewController.m */ = {isa = PBXFileReference; fileEncoding = 4; lastKnownFileType = sourcecode.c.objc; path = MapViewController.m; sourceTree = "<group>"; };
		2D82FC7A1F5B5F9200274114 /* YelpAnnotation.h */ = {isa = PBXFileReference; fileEncoding = 4; lastKnownFileType = sourcecode.c.h; path = YelpAnnotation.h; sourceTree = "<group>"; };
		2D82FC7B1F5B5F9200274114 /* YelpAnnotation.m */ = {isa = PBXFileReference; fileEncoding = 4; lastKnownFileType = sourcecode.c.objc; path = YelpAnnotation.m; sourceTree = "<group>"; };
		2DDDFFA81F521B8D00C98B52 /* SummerYelpMock.app */ = {isa = PBXFileReference; explicitFileType = wrapper.application; includeInIndex = 0; path = SummerYelpMock.app; sourceTree = BUILT_PRODUCTS_DIR; };
		2DDDFFAC1F521B8D00C98B52 /* main.m */ = {isa = PBXFileReference; lastKnownFileType = sourcecode.c.objc; path = main.m; sourceTree = "<group>"; };
		2DDDFFAE1F521B8D00C98B52 /* AppDelegate.h */ = {isa = PBXFileReference; lastKnownFileType = sourcecode.c.h; path = AppDelegate.h; sourceTree = "<group>"; };
		2DDDFFAF1F521B8D00C98B52 /* AppDelegate.m */ = {isa = PBXFileReference; lastKnownFileType = sourcecode.c.objc; path = AppDelegate.m; sourceTree = "<group>"; };
		2DDDFFB11F521B8D00C98B52 /* YelpViewController.h */ = {isa = PBXFileReference; lastKnownFileType = sourcecode.c.h; path = YelpViewController.h; sourceTree = "<group>"; };
		2DDDFFB21F521B8D00C98B52 /* YelpViewController.m */ = {isa = PBXFileReference; lastKnownFileType = sourcecode.c.objc; path = YelpViewController.m; sourceTree = "<group>"; };
		2DDDFFB71F521B8D00C98B52 /* Assets.xcassets */ = {isa = PBXFileReference; lastKnownFileType = folder.assetcatalog; path = Assets.xcassets; sourceTree = "<group>"; };
		2DDDFFBA1F521B8D00C98B52 /* Base */ = {isa = PBXFileReference; lastKnownFileType = file.storyboard; name = Base; path = Base.lproj/LaunchScreen.storyboard; sourceTree = "<group>"; };
		2DDDFFBC1F521B8D00C98B52 /* Info.plist */ = {isa = PBXFileReference; lastKnownFileType = text.plist.xml; path = Info.plist; sourceTree = "<group>"; };
		2DDDFFC11F521B8E00C98B52 /* SummerYelpMockTests.xctest */ = {isa = PBXFileReference; explicitFileType = wrapper.cfbundle; includeInIndex = 0; path = SummerYelpMockTests.xctest; sourceTree = BUILT_PRODUCTS_DIR; };
		2DDDFFC51F521B8E00C98B52 /* SummerYelpMockTests.m */ = {isa = PBXFileReference; lastKnownFileType = sourcecode.c.objc; path = SummerYelpMockTests.m; sourceTree = "<group>"; };
		2DDDFFC71F521B8E00C98B52 /* Info.plist */ = {isa = PBXFileReference; lastKnownFileType = text.plist.xml; path = Info.plist; sourceTree = "<group>"; };
		2DDDFFCC1F521B8E00C98B52 /* SummerYelpMockUITests.xctest */ = {isa = PBXFileReference; explicitFileType = wrapper.cfbundle; includeInIndex = 0; path = SummerYelpMockUITests.xctest; sourceTree = BUILT_PRODUCTS_DIR; };
		2DDDFFD01F521B8E00C98B52 /* SummerYelpMockUITests.m */ = {isa = PBXFileReference; lastKnownFileType = sourcecode.c.objc; path = SummerYelpMockUITests.m; sourceTree = "<group>"; };
		2DDDFFD21F521B8E00C98B52 /* Info.plist */ = {isa = PBXFileReference; lastKnownFileType = text.plist.xml; path = Info.plist; sourceTree = "<group>"; };
		2DDDFFDF1F521BD600C98B52 /* YelpNetworking.h */ = {isa = PBXFileReference; fileEncoding = 4; lastKnownFileType = sourcecode.c.h; path = YelpNetworking.h; sourceTree = "<group>"; };
		2DDDFFE01F521BD600C98B52 /* YelpNetworking.m */ = {isa = PBXFileReference; fileEncoding = 4; lastKnownFileType = sourcecode.c.objc; path = YelpNetworking.m; sourceTree = "<group>"; };
		2DDDFFE31F52304100C98B52 /* YelpDataModel.h */ = {isa = PBXFileReference; fileEncoding = 4; lastKnownFileType = sourcecode.c.h; path = YelpDataModel.h; sourceTree = "<group>"; };
		2DDDFFE41F52304100C98B52 /* YelpDataModel.m */ = {isa = PBXFileReference; fileEncoding = 4; lastKnownFileType = sourcecode.c.objc; path = YelpDataModel.m; sourceTree = "<group>"; };
		7D26FBE5D2CACDFE4CF12319 /* Pods-SummerYelpMock.debug.xcconfig */ = {isa = PBXFileReference; includeInIndex = 1; lastKnownFileType = text.xcconfig; name = "Pods-SummerYelpMock.debug.xcconfig"; path = "Pods/Target Support Files/Pods-SummerYelpMock/Pods-SummerYelpMock.debug.xcconfig"; sourceTree = "<group>"; };
		848C0C3CABC077B456E6DF31 /* Pods-SummerYelpMock.release.xcconfig */ = {isa = PBXFileReference; includeInIndex = 1; lastKnownFileType = text.xcconfig; name = "Pods-SummerYelpMock.release.xcconfig"; path = "Pods/Target Support Files/Pods-SummerYelpMock/Pods-SummerYelpMock.release.xcconfig"; sourceTree = "<group>"; };
		ABDD8B41EFBA24F0CF41B177 /* libPods-SummerYelpMock.a */ = {isa = PBXFileReference; explicitFileType = archive.ar; includeInIndex = 0; path = "libPods-SummerYelpMock.a"; sourceTree = BUILT_PRODUCTS_DIR; };
/* End PBXFileReference section */

/* Begin PBXFrameworksBuildPhase section */
		2DDDFFA51F521B8D00C98B52 /* Frameworks */ = {
			isa = PBXFrameworksBuildPhase;
			buildActionMask = 2147483647;
			files = (
				A6CF11040CEF8FC0900A83C2 /* libPods-SummerYelpMock.a in Frameworks */,
			);
			runOnlyForDeploymentPostprocessing = 0;
		};
		2DDDFFBE1F521B8E00C98B52 /* Frameworks */ = {
			isa = PBXFrameworksBuildPhase;
			buildActionMask = 2147483647;
			files = (
			);
			runOnlyForDeploymentPostprocessing = 0;
		};
		2DDDFFC91F521B8E00C98B52 /* Frameworks */ = {
			isa = PBXFrameworksBuildPhase;
			buildActionMask = 2147483647;
			files = (
			);
			runOnlyForDeploymentPostprocessing = 0;
		};
/* End PBXFrameworksBuildPhase section */

/* Begin PBXGroup section */
		2D82FC6C1F5B2EEC00274114 /* View */ = {
			isa = PBXGroup;
			children = (
				2D82FC6D1F5B2F4000274114 /* YelpTableViewCell.h */,
				2D82FC6E1F5B2F4000274114 /* YelpTableViewCell.m */,
				2D82FC6F1F5B2F4000274114 /* YelpTableViewCell.xib */,
				2D28E4F41F5F900A0053C22D /* DetailViewHeaderTableViewCell.h */,
				2D28E4F51F5F900A0053C22D /* DetailViewHeaderTableViewCell.m */,
				2D28E4F61F5F900A0053C22D /* DetailViewHeaderTableViewCell.xib */,
				2D28E4F91F5FA1130053C22D /* MapTableViewCell.h */,
				2D28E4FA1F5FA1130053C22D /* MapTableViewCell.m */,
				2D28E4FB1F5FA1130053C22D /* MapTableViewCell.xib */,
				2D194D761F6C94E800D57518 /* FilterTableViewCell.h */,
				2D194D771F6C94E800D57518 /* FilterTableViewCell.m */,
				2D194D781F6C94E800D57518 /* FilterTableViewCell.xib */,
				2D194D7B1F6C957600D57518 /* PriceTableViewCell.h */,
				2D194D7C1F6C957600D57518 /* PriceTableViewCell.m */,
				2D194D7D1F6C957600D57518 /* PriceTableViewCell.xib */,
			);
			name = View;
			sourceTree = "<group>";
		};
		2D82FC721F5B57A500274114 /* DataStore */ = {
			isa = PBXGroup;
			children = (
				2D82FC731F5B57D200274114 /* YelpDataStore.h */,
				2D82FC741F5B57D200274114 /* YelpDataStore.m */,
			);
			name = DataStore;
			sourceTree = "<group>";
		};
		2D82FC761F5B5A0300274114 /* ViewController */ = {
			isa = PBXGroup;
			children = (
				2D82FC771F5B5A5800274114 /* MapViewController.h */,
				2D82FC781F5B5A5800274114 /* MapViewController.m */,
				2DDDFFB11F521B8D00C98B52 /* YelpViewController.h */,
				2DDDFFB21F521B8D00C98B52 /* YelpViewController.m */,
				2D28E4F11F5F8FC40053C22D /* DetailYelpViewController.h */,
				2D28E4F21F5F8FC50053C22D /* DetailYelpViewController.m */,
				2D194D701F6C940500D57518 /* FilterViewController.h */,
				2D194D711F6C940500D57518 /* FilterViewController.m */,
			);
			name = ViewController;
			sourceTree = "<group>";
		};
		2DDDFF9F1F521B8D00C98B52 = {
			isa = PBXGroup;
			children = (
				2DDDFFAA1F521B8D00C98B52 /* SummerYelpMock */,
				2DDDFFC41F521B8E00C98B52 /* SummerYelpMockTests */,
				2DDDFFCF1F521B8E00C98B52 /* SummerYelpMockUITests */,
				2DDDFFA91F521B8D00C98B52 /* Products */,
				4166143A8C223089A5255250 /* Pods */,
				7D6D302B1B0509C549511136 /* Frameworks */,
			);
			sourceTree = "<group>";
		};
		2DDDFFA91F521B8D00C98B52 /* Products */ = {
			isa = PBXGroup;
			children = (
				2DDDFFA81F521B8D00C98B52 /* SummerYelpMock.app */,
				2DDDFFC11F521B8E00C98B52 /* SummerYelpMockTests.xctest */,
				2DDDFFCC1F521B8E00C98B52 /* SummerYelpMockUITests.xctest */,
			);
			name = Products;
			sourceTree = "<group>";
		};
		2DDDFFAA1F521B8D00C98B52 /* SummerYelpMock */ = {
			isa = PBXGroup;
			children = (
				2D82FC761F5B5A0300274114 /* ViewController */,
				2D82FC721F5B57A500274114 /* DataStore */,
				2D82FC6C1F5B2EEC00274114 /* View */,
				2DDDFFE21F522FB900C98B52 /* DataModel */,
				2DDDFFDE1F521B9700C98B52 /* Networking */,
				2DDDFFAE1F521B8D00C98B52 /* AppDelegate.h */,
				2DDDFFAF1F521B8D00C98B52 /* AppDelegate.m */,
				2DDDFFB71F521B8D00C98B52 /* Assets.xcassets */,
				2DDDFFB91F521B8D00C98B52 /* LaunchScreen.storyboard */,
				2DDDFFBC1F521B8D00C98B52 /* Info.plist */,
				2DDDFFAB1F521B8D00C98B52 /* Supporting Files */,
			);
			path = SummerYelpMock;
			sourceTree = "<group>";
		};
		2DDDFFAB1F521B8D00C98B52 /* Supporting Files */ = {
			isa = PBXGroup;
			children = (
				2DDDFFAC1F521B8D00C98B52 /* main.m */,
			);
			name = "Supporting Files";
			sourceTree = "<group>";
		};
		2DDDFFC41F521B8E00C98B52 /* SummerYelpMockTests */ = {
			isa = PBXGroup;
			children = (
				2DDDFFC51F521B8E00C98B52 /* SummerYelpMockTests.m */,
				2DDDFFC71F521B8E00C98B52 /* Info.plist */,
			);
			path = SummerYelpMockTests;
			sourceTree = "<group>";
		};
		2DDDFFCF1F521B8E00C98B52 /* SummerYelpMockUITests */ = {
			isa = PBXGroup;
			children = (
				2DDDFFD01F521B8E00C98B52 /* SummerYelpMockUITests.m */,
				2DDDFFD21F521B8E00C98B52 /* Info.plist */,
			);
			path = SummerYelpMockUITests;
			sourceTree = "<group>";
		};
		2DDDFFDE1F521B9700C98B52 /* Networking */ = {
			isa = PBXGroup;
			children = (
				2DDDFFDF1F521BD600C98B52 /* YelpNetworking.h */,
				2DDDFFE01F521BD600C98B52 /* YelpNetworking.m */,
			);
			name = Networking;
			sourceTree = "<group>";
		};
		2DDDFFE21F522FB900C98B52 /* DataModel */ = {
			isa = PBXGroup;
			children = (
				2DDDFFE31F52304100C98B52 /* YelpDataModel.h */,
				2DDDFFE41F52304100C98B52 /* YelpDataModel.m */,
				2D82FC7A1F5B5F9200274114 /* YelpAnnotation.h */,
				2D82FC7B1F5B5F9200274114 /* YelpAnnotation.m */,
				2D194D801F6C969400D57518 /* YelpFilterDataModel.h */,
				2D194D811F6C969400D57518 /* YelpFilterDataModel.m */,
			);
			name = DataModel;
			sourceTree = "<group>";
		};
		4166143A8C223089A5255250 /* Pods */ = {
			isa = PBXGroup;
			children = (
				7D26FBE5D2CACDFE4CF12319 /* Pods-SummerYelpMock.debug.xcconfig */,
				848C0C3CABC077B456E6DF31 /* Pods-SummerYelpMock.release.xcconfig */,
			);
			name = Pods;
			sourceTree = "<group>";
		};
		7D6D302B1B0509C549511136 /* Frameworks */ = {
			isa = PBXGroup;
			children = (
				ABDD8B41EFBA24F0CF41B177 /* libPods-SummerYelpMock.a */,
			);
			name = Frameworks;
			sourceTree = "<group>";
		};
/* End PBXGroup section */

/* Begin PBXNativeTarget section */
		2DDDFFA71F521B8D00C98B52 /* SummerYelpMock */ = {
			isa = PBXNativeTarget;
			buildConfigurationList = 2DDDFFD51F521B8E00C98B52 /* Build configuration list for PBXNativeTarget "SummerYelpMock" */;
			buildPhases = (
				8B59C05111E15DC7A83A042C /* [CP] Check Pods Manifest.lock */,
				2DDDFFA41F521B8D00C98B52 /* Sources */,
				2DDDFFA51F521B8D00C98B52 /* Frameworks */,
				2DDDFFA61F521B8D00C98B52 /* Resources */,
				D56004238F62D5D7E02D5D09 /* [CP] Embed Pods Frameworks */,
				9596134B72F1816A0C0A9AF9 /* [CP] Copy Pods Resources */,
			);
			buildRules = (
			);
			dependencies = (
			);
			name = SummerYelpMock;
			productName = SummerYelpMock;
			productReference = 2DDDFFA81F521B8D00C98B52 /* SummerYelpMock.app */;
			productType = "com.apple.product-type.application";
		};
		2DDDFFC01F521B8E00C98B52 /* SummerYelpMockTests */ = {
			isa = PBXNativeTarget;
			buildConfigurationList = 2DDDFFD81F521B8E00C98B52 /* Build configuration list for PBXNativeTarget "SummerYelpMockTests" */;
			buildPhases = (
				2DDDFFBD1F521B8E00C98B52 /* Sources */,
				2DDDFFBE1F521B8E00C98B52 /* Frameworks */,
				2DDDFFBF1F521B8E00C98B52 /* Resources */,
			);
			buildRules = (
			);
			dependencies = (
				2DDDFFC31F521B8E00C98B52 /* PBXTargetDependency */,
			);
			name = SummerYelpMockTests;
			productName = SummerYelpMockTests;
			productReference = 2DDDFFC11F521B8E00C98B52 /* SummerYelpMockTests.xctest */;
			productType = "com.apple.product-type.bundle.unit-test";
		};
		2DDDFFCB1F521B8E00C98B52 /* SummerYelpMockUITests */ = {
			isa = PBXNativeTarget;
			buildConfigurationList = 2DDDFFDB1F521B8E00C98B52 /* Build configuration list for PBXNativeTarget "SummerYelpMockUITests" */;
			buildPhases = (
				2DDDFFC81F521B8E00C98B52 /* Sources */,
				2DDDFFC91F521B8E00C98B52 /* Frameworks */,
				2DDDFFCA1F521B8E00C98B52 /* Resources */,
			);
			buildRules = (
			);
			dependencies = (
				2DDDFFCE1F521B8E00C98B52 /* PBXTargetDependency */,
			);
			name = SummerYelpMockUITests;
			productName = SummerYelpMockUITests;
			productReference = 2DDDFFCC1F521B8E00C98B52 /* SummerYelpMockUITests.xctest */;
			productType = "com.apple.product-type.bundle.ui-testing";
		};
/* End PBXNativeTarget section */

/* Begin PBXProject section */
		2DDDFFA01F521B8D00C98B52 /* Project object */ = {
			isa = PBXProject;
			attributes = {
				LastUpgradeCheck = 0830;
				ORGANIZATIONNAME = "孙早一";
				TargetAttributes = {
					2DDDFFA71F521B8D00C98B52 = {
						CreatedOnToolsVersion = 8.3.3;
						ProvisioningStyle = Automatic;
					};
					2DDDFFC01F521B8E00C98B52 = {
						CreatedOnToolsVersion = 8.3.3;
						ProvisioningStyle = Automatic;
						TestTargetID = 2DDDFFA71F521B8D00C98B52;
					};
					2DDDFFCB1F521B8E00C98B52 = {
						CreatedOnToolsVersion = 8.3.3;
						ProvisioningStyle = Automatic;
						TestTargetID = 2DDDFFA71F521B8D00C98B52;
					};
				};
			};
			buildConfigurationList = 2DDDFFA31F521B8D00C98B52 /* Build configuration list for PBXProject "SummerYelpMock" */;
			compatibilityVersion = "Xcode 3.2";
			developmentRegion = English;
			hasScannedForEncodings = 0;
			knownRegions = (
				en,
				Base,
			);
			mainGroup = 2DDDFF9F1F521B8D00C98B52;
			productRefGroup = 2DDDFFA91F521B8D00C98B52 /* Products */;
			projectDirPath = "";
			projectRoot = "";
			targets = (
				2DDDFFA71F521B8D00C98B52 /* SummerYelpMock */,
				2DDDFFC01F521B8E00C98B52 /* SummerYelpMockTests */,
				2DDDFFCB1F521B8E00C98B52 /* SummerYelpMockUITests */,
			);
		};
/* End PBXProject section */

/* Begin PBXResourcesBuildPhase section */
		2DDDFFA61F521B8D00C98B52 /* Resources */ = {
			isa = PBXResourcesBuildPhase;
			buildActionMask = 2147483647;
			files = (
				2D28E4F81F5F900A0053C22D /* DetailViewHeaderTableViewCell.xib in Resources */,
				2D194D7A1F6C94E800D57518 /* FilterTableViewCell.xib in Resources */,
				2DDDFFBB1F521B8D00C98B52 /* LaunchScreen.storyboard in Resources */,
				2D194D7F1F6C957600D57518 /* PriceTableViewCell.xib in Resources */,
				2D82FC711F5B2F4000274114 /* YelpTableViewCell.xib in Resources */,
				2D28E4FD1F5FA1130053C22D /* MapTableViewCell.xib in Resources */,
				2DDDFFB81F521B8D00C98B52 /* Assets.xcassets in Resources */,
			);
			runOnlyForDeploymentPostprocessing = 0;
		};
		2DDDFFBF1F521B8E00C98B52 /* Resources */ = {
			isa = PBXResourcesBuildPhase;
			buildActionMask = 2147483647;
			files = (
			);
			runOnlyForDeploymentPostprocessing = 0;
		};
		2DDDFFCA1F521B8E00C98B52 /* Resources */ = {
			isa = PBXResourcesBuildPhase;
			buildActionMask = 2147483647;
			files = (
			);
			runOnlyForDeploymentPostprocessing = 0;
		};
/* End PBXResourcesBuildPhase section */

/* Begin PBXShellScriptBuildPhase section */
		8B59C05111E15DC7A83A042C /* [CP] Check Pods Manifest.lock */ = {
			isa = PBXShellScriptBuildPhase;
			buildActionMask = 2147483647;
			files = (
			);
			inputPaths = (
				"${PODS_PODFILE_DIR_PATH}/Podfile.lock",
				"${PODS_ROOT}/Manifest.lock",
			);
			name = "[CP] Check Pods Manifest.lock";
			outputPaths = (
				"$(DERIVED_FILE_DIR)/Pods-SummerYelpMock-checkManifestLockResult.txt",
			);
			runOnlyForDeploymentPostprocessing = 0;
			shellPath = /bin/sh;
			shellScript = "diff \"${PODS_PODFILE_DIR_PATH}/Podfile.lock\" \"${PODS_ROOT}/Manifest.lock\" > /dev/null\nif [ $? != 0 ] ; then\n    # print error to STDERR\n    echo \"error: The sandbox is not in sync with the Podfile.lock. Run 'pod install' or update your CocoaPods installation.\" >&2\n    exit 1\nfi\n# This output is used by Xcode 'outputs' to avoid re-running this script phase.\necho \"SUCCESS\" > \"${SCRIPT_OUTPUT_FILE_0}\"\n";
			showEnvVarsInLog = 0;
		};
		9596134B72F1816A0C0A9AF9 /* [CP] Copy Pods Resources */ = {
			isa = PBXShellScriptBuildPhase;
			buildActionMask = 2147483647;
			files = (
			);
			inputPaths = (
			);
			name = "[CP] Copy Pods Resources";
			outputPaths = (
			);
			runOnlyForDeploymentPostprocessing = 0;
			shellPath = /bin/sh;
			shellScript = "\"${SRCROOT}/Pods/Target Support Files/Pods-SummerYelpMock/Pods-SummerYelpMock-resources.sh\"\n";
			showEnvVarsInLog = 0;
		};
		D56004238F62D5D7E02D5D09 /* [CP] Embed Pods Frameworks */ = {
			isa = PBXShellScriptBuildPhase;
			buildActionMask = 2147483647;
			files = (
			);
			inputPaths = (
			);
			name = "[CP] Embed Pods Frameworks";
			outputPaths = (
			);
			runOnlyForDeploymentPostprocessing = 0;
			shellPath = /bin/sh;
			shellScript = "\"${SRCROOT}/Pods/Target Support Files/Pods-SummerYelpMock/Pods-SummerYelpMock-frameworks.sh\"\n";
			showEnvVarsInLog = 0;
		};
/* End PBXShellScriptBuildPhase section */

/* Begin PBXSourcesBuildPhase section */
		2DDDFFA41F521B8D00C98B52 /* Sources */ = {
			isa = PBXSourcesBuildPhase;
			buildActionMask = 2147483647;
			files = (
				2D28E4F71F5F900A0053C22D /* DetailViewHeaderTableViewCell.m in Sources */,
				2DDDFFB31F521B8D00C98B52 /* YelpViewController.m in Sources */,
				2DDDFFE11F521BD600C98B52 /* YelpNetworking.m in Sources */,
				2D194D721F6C940500D57518 /* FilterViewController.m in Sources */,
				2D82FC751F5B57D200274114 /* YelpDataStore.m in Sources */,
				2D28E4F31F5F8FC50053C22D /* DetailYelpViewController.m in Sources */,
				2D82FC791F5B5A5800274114 /* MapViewController.m in Sources */,
				2D28E4FC1F5FA1130053C22D /* MapTableViewCell.m in Sources */,
				2DDDFFB01F521B8D00C98B52 /* AppDelegate.m in Sources */,
				2D82FC701F5B2F4000274114 /* YelpTableViewCell.m in Sources */,
				2DDDFFE51F52304100C98B52 /* YelpDataModel.m in Sources */,
				2D194D821F6C969400D57518 /* YelpFilterDataModel.m in Sources */,
				2D194D7E1F6C957600D57518 /* PriceTableViewCell.m in Sources */,
				2D194D791F6C94E800D57518 /* FilterTableViewCell.m in Sources */,
				2D82FC7C1F5B5F9200274114 /* YelpAnnotation.m in Sources */,
				2DDDFFAD1F521B8D00C98B52 /* main.m in Sources */,
			);
			runOnlyForDeploymentPostprocessing = 0;
		};
		2DDDFFBD1F521B8E00C98B52 /* Sources */ = {
			isa = PBXSourcesBuildPhase;
			buildActionMask = 2147483647;
			files = (
				2DDDFFC61F521B8E00C98B52 /* SummerYelpMockTests.m in Sources */,
			);
			runOnlyForDeploymentPostprocessing = 0;
		};
		2DDDFFC81F521B8E00C98B52 /* Sources */ = {
			isa = PBXSourcesBuildPhase;
			buildActionMask = 2147483647;
			files = (
				2DDDFFD11F521B8E00C98B52 /* SummerYelpMockUITests.m in Sources */,
			);
			runOnlyForDeploymentPostprocessing = 0;
		};
/* End PBXSourcesBuildPhase section */

/* Begin PBXTargetDependency section */
		2DDDFFC31F521B8E00C98B52 /* PBXTargetDependency */ = {
			isa = PBXTargetDependency;
			target = 2DDDFFA71F521B8D00C98B52 /* SummerYelpMock */;
			targetProxy = 2DDDFFC21F521B8E00C98B52 /* PBXContainerItemProxy */;
		};
		2DDDFFCE1F521B8E00C98B52 /* PBXTargetDependency */ = {
			isa = PBXTargetDependency;
			target = 2DDDFFA71F521B8D00C98B52 /* SummerYelpMock */;
			targetProxy = 2DDDFFCD1F521B8E00C98B52 /* PBXContainerItemProxy */;
		};
/* End PBXTargetDependency section */

/* Begin PBXVariantGroup section */
		2DDDFFB91F521B8D00C98B52 /* LaunchScreen.storyboard */ = {
			isa = PBXVariantGroup;
			children = (
				2DDDFFBA1F521B8D00C98B52 /* Base */,
			);
			name = LaunchScreen.storyboard;
			sourceTree = "<group>";
		};
/* End PBXVariantGroup section */

/* Begin XCBuildConfiguration section */
		2DDDFFD31F521B8E00C98B52 /* Debug */ = {
			isa = XCBuildConfiguration;
			buildSettings = {
				ALWAYS_SEARCH_USER_PATHS = NO;
				CLANG_ANALYZER_NONNULL = YES;
				CLANG_ANALYZER_NUMBER_OBJECT_CONVERSION = YES_AGGRESSIVE;
				CLANG_CXX_LANGUAGE_STANDARD = "gnu++0x";
				CLANG_CXX_LIBRARY = "libc++";
				CLANG_ENABLE_MODULES = YES;
				CLANG_ENABLE_OBJC_ARC = YES;
				CLANG_WARN_BOOL_CONVERSION = YES;
				CLANG_WARN_CONSTANT_CONVERSION = YES;
				CLANG_WARN_DIRECT_OBJC_ISA_USAGE = YES_ERROR;
				CLANG_WARN_DOCUMENTATION_COMMENTS = YES;
				CLANG_WARN_EMPTY_BODY = YES;
				CLANG_WARN_ENUM_CONVERSION = YES;
				CLANG_WARN_INFINITE_RECURSION = YES;
				CLANG_WARN_INT_CONVERSION = YES;
				CLANG_WARN_OBJC_ROOT_CLASS = YES_ERROR;
				CLANG_WARN_SUSPICIOUS_MOVE = YES;
				CLANG_WARN_UNREACHABLE_CODE = YES;
				CLANG_WARN__DUPLICATE_METHOD_MATCH = YES;
				"CODE_SIGN_IDENTITY[sdk=iphoneos*]" = "iPhone Developer";
				COPY_PHASE_STRIP = NO;
				DEBUG_INFORMATION_FORMAT = dwarf;
				ENABLE_STRICT_OBJC_MSGSEND = YES;
				ENABLE_TESTABILITY = YES;
				GCC_C_LANGUAGE_STANDARD = gnu99;
				GCC_DYNAMIC_NO_PIC = NO;
				GCC_NO_COMMON_BLOCKS = YES;
				GCC_OPTIMIZATION_LEVEL = 0;
				GCC_PREPROCESSOR_DEFINITIONS = (
					"DEBUG=1",
					"$(inherited)",
				);
				GCC_WARN_64_TO_32_BIT_CONVERSION = YES;
				GCC_WARN_ABOUT_RETURN_TYPE = YES_ERROR;
				GCC_WARN_UNDECLARED_SELECTOR = YES;
				GCC_WARN_UNINITIALIZED_AUTOS = YES_AGGRESSIVE;
				GCC_WARN_UNUSED_FUNCTION = YES;
				GCC_WARN_UNUSED_VARIABLE = YES;
				IPHONEOS_DEPLOYMENT_TARGET = 10.3;
				MTL_ENABLE_DEBUG_INFO = YES;
				ONLY_ACTIVE_ARCH = YES;
				SDKROOT = iphoneos;
				TARGETED_DEVICE_FAMILY = "1,2";
			};
			name = Debug;
		};
		2DDDFFD41F521B8E00C98B52 /* Release */ = {
			isa = XCBuildConfiguration;
			buildSettings = {
				ALWAYS_SEARCH_USER_PATHS = NO;
				CLANG_ANALYZER_NONNULL = YES;
				CLANG_ANALYZER_NUMBER_OBJECT_CONVERSION = YES_AGGRESSIVE;
				CLANG_CXX_LANGUAGE_STANDARD = "gnu++0x";
				CLANG_CXX_LIBRARY = "libc++";
				CLANG_ENABLE_MODULES = YES;
				CLANG_ENABLE_OBJC_ARC = YES;
				CLANG_WARN_BOOL_CONVERSION = YES;
				CLANG_WARN_CONSTANT_CONVERSION = YES;
				CLANG_WARN_DIRECT_OBJC_ISA_USAGE = YES_ERROR;
				CLANG_WARN_DOCUMENTATION_COMMENTS = YES;
				CLANG_WARN_EMPTY_BODY = YES;
				CLANG_WARN_ENUM_CONVERSION = YES;
				CLANG_WARN_INFINITE_RECURSION = YES;
				CLANG_WARN_INT_CONVERSION = YES;
				CLANG_WARN_OBJC_ROOT_CLASS = YES_ERROR;
				CLANG_WARN_SUSPICIOUS_MOVE = YES;
				CLANG_WARN_UNREACHABLE_CODE = YES;
				CLANG_WARN__DUPLICATE_METHOD_MATCH = YES;
				"CODE_SIGN_IDENTITY[sdk=iphoneos*]" = "iPhone Developer";
				COPY_PHASE_STRIP = NO;
				DEBUG_INFORMATION_FORMAT = "dwarf-with-dsym";
				ENABLE_NS_ASSERTIONS = NO;
				ENABLE_STRICT_OBJC_MSGSEND = YES;
				GCC_C_LANGUAGE_STANDARD = gnu99;
				GCC_NO_COMMON_BLOCKS = YES;
				GCC_WARN_64_TO_32_BIT_CONVERSION = YES;
				GCC_WARN_ABOUT_RETURN_TYPE = YES_ERROR;
				GCC_WARN_UNDECLARED_SELECTOR = YES;
				GCC_WARN_UNINITIALIZED_AUTOS = YES_AGGRESSIVE;
				GCC_WARN_UNUSED_FUNCTION = YES;
				GCC_WARN_UNUSED_VARIABLE = YES;
				IPHONEOS_DEPLOYMENT_TARGET = 10.3;
				MTL_ENABLE_DEBUG_INFO = NO;
				SDKROOT = iphoneos;
				TARGETED_DEVICE_FAMILY = "1,2";
				VALIDATE_PRODUCT = YES;
			};
			name = Release;
		};
		2DDDFFD61F521B8E00C98B52 /* Debug */ = {
			isa = XCBuildConfiguration;
			baseConfigurationReference = 7D26FBE5D2CACDFE4CF12319 /* Pods-SummerYelpMock.debug.xcconfig */;
			buildSettings = {
				ASSETCATALOG_COMPILER_APPICON_NAME = AppIcon;
				INFOPLIST_FILE = SummerYelpMock/Info.plist;
				LD_RUNPATH_SEARCH_PATHS = "$(inherited) @executable_path/Frameworks";
				PRODUCT_BUNDLE_IDENTIFIER = zaoyisun.SummerYelpMock;
				PRODUCT_NAME = "$(TARGET_NAME)";
			};
			name = Debug;
		};
		2DDDFFD71F521B8E00C98B52 /* Release */ = {
			isa = XCBuildConfiguration;
			baseConfigurationReference = 848C0C3CABC077B456E6DF31 /* Pods-SummerYelpMock.release.xcconfig */;
			buildSettings = {
				ASSETCATALOG_COMPILER_APPICON_NAME = AppIcon;
				INFOPLIST_FILE = SummerYelpMock/Info.plist;
				LD_RUNPATH_SEARCH_PATHS = "$(inherited) @executable_path/Frameworks";
				PRODUCT_BUNDLE_IDENTIFIER = zaoyisun.SummerYelpMock;
				PRODUCT_NAME = "$(TARGET_NAME)";
			};
			name = Release;
		};
		2DDDFFD91F521B8E00C98B52 /* Debug */ = {
			isa = XCBuildConfiguration;
			buildSettings = {
				BUNDLE_LOADER = "$(TEST_HOST)";
				INFOPLIST_FILE = SummerYelpMockTests/Info.plist;
				LD_RUNPATH_SEARCH_PATHS = "$(inherited) @executable_path/Frameworks @loader_path/Frameworks";
				PRODUCT_BUNDLE_IDENTIFIER = zaoyisun.SummerYelpMockTests;
				PRODUCT_NAME = "$(TARGET_NAME)";
				TEST_HOST = "$(BUILT_PRODUCTS_DIR)/SummerYelpMock.app/SummerYelpMock";
			};
			name = Debug;
		};
		2DDDFFDA1F521B8E00C98B52 /* Release */ = {
			isa = XCBuildConfiguration;
			buildSettings = {
				BUNDLE_LOADER = "$(TEST_HOST)";
				INFOPLIST_FILE = SummerYelpMockTests/Info.plist;
				LD_RUNPATH_SEARCH_PATHS = "$(inherited) @executable_path/Frameworks @loader_path/Frameworks";
				PRODUCT_BUNDLE_IDENTIFIER = zaoyisun.SummerYelpMockTests;
				PRODUCT_NAME = "$(TARGET_NAME)";
				TEST_HOST = "$(BUILT_PRODUCTS_DIR)/SummerYelpMock.app/SummerYelpMock";
			};
			name = Release;
		};
		2DDDFFDC1F521B8E00C98B52 /* Debug */ = {
			isa = XCBuildConfiguration;
			buildSettings = {
				INFOPLIST_FILE = SummerYelpMockUITests/Info.plist;
				LD_RUNPATH_SEARCH_PATHS = "$(inherited) @executable_path/Frameworks @loader_path/Frameworks";
				PRODUCT_BUNDLE_IDENTIFIER = zaoyisun.SummerYelpMockUITests;
				PRODUCT_NAME = "$(TARGET_NAME)";
				TEST_TARGET_NAME = SummerYelpMock;
			};
			name = Debug;
		};
		2DDDFFDD1F521B8E00C98B52 /* Release */ = {
			isa = XCBuildConfiguration;
			buildSettings = {
				INFOPLIST_FILE = SummerYelpMockUITests/Info.plist;
				LD_RUNPATH_SEARCH_PATHS = "$(inherited) @executable_path/Frameworks @loader_path/Frameworks";
				PRODUCT_BUNDLE_IDENTIFIER = zaoyisun.SummerYelpMockUITests;
				PRODUCT_NAME = "$(TARGET_NAME)";
				TEST_TARGET_NAME = SummerYelpMock;
			};
			name = Release;
		};
/* End XCBuildConfiguration section */

/* Begin XCConfigurationList section */
		2DDDFFA31F521B8D00C98B52 /* Build configuration list for PBXProject "SummerYelpMock" */ = {
			isa = XCConfigurationList;
			buildConfigurations = (
				2DDDFFD31F521B8E00C98B52 /* Debug */,
				2DDDFFD41F521B8E00C98B52 /* Release */,
			);
			defaultConfigurationIsVisible = 0;
			defaultConfigurationName = Release;
		};
		2DDDFFD51F521B8E00C98B52 /* Build configuration list for PBXNativeTarget "SummerYelpMock" */ = {
			isa = XCConfigurationList;
			buildConfigurations = (
				2DDDFFD61F521B8E00C98B52 /* Debug */,
				2DDDFFD71F521B8E00C98B52 /* Release */,
			);
			defaultConfigurationIsVisible = 0;
			defaultConfigurationName = Release;
		};
		2DDDFFD81F521B8E00C98B52 /* Build configuration list for PBXNativeTarget "SummerYelpMockTests" */ = {
			isa = XCConfigurationList;
			buildConfigurations = (
				2DDDFFD91F521B8E00C98B52 /* Debug */,
				2DDDFFDA1F521B8E00C98B52 /* Release */,
			);
			defaultConfigurationIsVisible = 0;
			defaultConfigurationName = Release;
		};
		2DDDFFDB1F521B8E00C98B52 /* Build configuration list for PBXNativeTarget "SummerYelpMockUITests" */ = {
			isa = XCConfigurationList;
			buildConfigurations = (
				2DDDFFDC1F521B8E00C98B52 /* Debug */,
				2DDDFFDD1F521B8E00C98B52 /* Release */,
			);
			defaultConfigurationIsVisible = 0;
			defaultConfigurationName = Release;
		};
/* End XCConfigurationList section */
	};
	rootObject = 2DDDFFA01F521B8D00C98B52 /* Project object */;
}
